
Microsoft Visual Studio Solution File, Format Version 12.00
# Visual Studio 15
VisualStudioVersion = 15.0.28307.271
MinimumVisualStudioVersion = 10.0.40219.1
Project("{FAE04EC0-301F-11D3-BF4B-00C04F79EFBC}") = "count", "count\count.csproj", "{FADF82F5-90C2-41F6-B9FE-883414E18756}"
EndProject
Global
	GlobalSection(SolutionConfigurationPlatforms) = preSolution
		Debug|Any CPU = Debug|Any CPU
		Release|Any CPU = Release|Any CPU
	EndGlobalSection
	GlobalSection(ProjectConfigurationPlatforms) = postSolution
		{FADF82F5-90C2-41F6-B9FE-883414E18756}.Debug|Any CPU.ActiveCfg = Debug|Any CPU
		{FADF82F5-90C2-41F6-B9FE-883414E18756}.Debug|Any CPU.Build.0 = Debug|Any CPU
		{FADF82F5-90C2-41F6-B9FE-883414E18756}.Release|Any CPU.ActiveCfg = Release|Any CPU
		{FADF82F5-90C2-41F6-B9FE-883414E18756}.Release|Any CPU.Build.0 = Release|Any CPU
	EndGlobalSection
	GlobalSection(SolutionProperties) = preSolution
		HideSolutionNode = FALSE
	EndGlobalSection
	GlobalSection(ExtensibilityGlobals) = postSolution
		SolutionGuid = {C65F3D89-8F79-4F3A-BB89-C0282C7628FF}
	EndGlobalSection
EndGlobal
